
Microsoft Visual Studio Solution File, Format Version 12.00
# Visual Studio Version 17
VisualStudioVersion = 17.14.36221.1
MinimumVisualStudioVersion = 10.0.40219.1
Project("{FAE04EC0-301F-11D3-BF4B-00C04F79EFBC}") = "HotelManagment", "HotelManagment.csproj", "{464C43D2-822A-47B1-B12D-7216541CECDD}"
EndProject
Global
	GlobalSection(SolutionConfigurationPlatforms) = preSolution
		Debug|Any CPU = Debug|Any CPU
		Release|Any CPU = Release|Any CPU
	EndGlobalSection
	GlobalSection(ProjectConfigurationPlatforms) = postSolution
		{464C43D2-822A-47B1-B12D-7216541CECDD}.Debug|Any CPU.ActiveCfg = Debug|Any CPU
		{464C43D2-822A-47B1-B12D-7216541CECDD}.Debug|Any CPU.Build.0 = Debug|Any CPU
		{464C43D2-822A-47B1-B12D-7216541CECDD}.Release|Any CPU.ActiveCfg = Release|Any CPU
		{464C43D2-822A-47B1-B12D-7216541CECDD}.Release|Any CPU.Build.0 = Release|Any CPU
	EndGlobalSection
	GlobalSection(SolutionProperties) = preSolution
		HideSolutionNode = FALSE
	EndGlobalSection
	GlobalSection(ExtensibilityGlobals) = postSolution
		SolutionGuid = {3DA3EC5B-1EF2-4DD3-883E-A199DA1FCCA8}
	EndGlobalSection
EndGlobal
